
Microsoft Visual Studio Solution File, Format Version 12.00
# Visual Studio 15
VisualStudioVersion = 15.0.26430.14
MinimumVisualStudioVersion = 10.0.40219.1
Project("{FAE04EC0-301F-11D3-BF4B-00C04F79EFBC}") = "StacksAndQueues-Exercise", "StacksAndQueues-Exercise\StacksAndQueues-Exercise.csproj", "{367F3BAA-E4A2-4198-8AD1-C6430EA51399}"
EndProject
Project("{FAE04EC0-301F-11D3-BF4B-00C04F79EFBC}") = "01.ReverseNumbers", "01.ReverseNumbers\01.ReverseNumbers.csproj", "{8F8DF433-62EF-4161-B8FB-8F67D6ECAFE0}"
EndProject
Project("{FAE04EC0-301F-11D3-BF4B-00C04F79EFBC}") = "02.BasicStackOperations", "02.BasicStackOperations\02.BasicStackOperations.csproj", "{6D965A42-4288-419F-A50F-FA6D009FBDE4}"
EndProject
Project("{FAE04EC0-301F-11D3-BF4B-00C04F79EFBC}") = "03.MaximumElement", "03.MaximumElement\03.MaximumElement.csproj", "{0C2E2035-ADD6-40C1-B2DC-056C0DA47AFE}"
EndProject
Project("{FAE04EC0-301F-11D3-BF4B-00C04F79EFBC}") = "04.BasicQueueOperations", "04.BasicQueueOperations\04.BasicQueueOperations.csproj", "{D98D466F-9F06-46D4-A17E-47B517782BC3}"
EndProject
Project("{FAE04EC0-301F-11D3-BF4B-00C04F79EFBC}") = "05.SequenceWithQueue", "05.SequenceWithQueue\05.SequenceWithQueue.csproj", "{8163DD81-1519-4FFE-AAF7-6DAB41D83CE0}"
EndProject
Project("{FAE04EC0-301F-11D3-BF4B-00C04F79EFBC}") = "06.TruckTour", "06.TruckTour\06.TruckTour.csproj", "{4E6BBF50-42E5-41C8-A76B-92A71047521F}"
EndProject
Global
	GlobalSection(SolutionConfigurationPlatforms) = preSolution
		Debug|Any CPU = Debug|Any CPU
		Release|Any CPU = Release|Any CPU
	EndGlobalSection
	GlobalSection(ProjectConfigurationPlatforms) = postSolution
		{367F3BAA-E4A2-4198-8AD1-C6430EA51399}.Debug|Any CPU.ActiveCfg = Debug|Any CPU
		{367F3BAA-E4A2-4198-8AD1-C6430EA51399}.Debug|Any CPU.Build.0 = Debug|Any CPU
		{367F3BAA-E4A2-4198-8AD1-C6430EA51399}.Release|Any CPU.ActiveCfg = Release|Any CPU
		{367F3BAA-E4A2-4198-8AD1-C6430EA51399}.Release|Any CPU.Build.0 = Release|Any CPU
		{8F8DF433-62EF-4161-B8FB-8F67D6ECAFE0}.Debug|Any CPU.ActiveCfg = Debug|Any CPU
		{8F8DF433-62EF-4161-B8FB-8F67D6ECAFE0}.Debug|Any CPU.Build.0 = Debug|Any CPU
		{8F8DF433-62EF-4161-B8FB-8F67D6ECAFE0}.Release|Any CPU.ActiveCfg = Release|Any CPU
		{8F8DF433-62EF-4161-B8FB-8F67D6ECAFE0}.Release|Any CPU.Build.0 = Release|Any CPU
		{6D965A42-4288-419F-A50F-FA6D009FBDE4}.Debug|Any CPU.ActiveCfg = Debug|Any CPU
		{6D965A42-4288-419F-A50F-FA6D009FBDE4}.Debug|Any CPU.Build.0 = Debug|Any CPU
		{6D965A42-4288-419F-A50F-FA6D009FBDE4}.Release|Any CPU.ActiveCfg = Release|Any CPU
		{6D965A42-4288-419F-A50F-FA6D009FBDE4}.Release|Any CPU.Build.0 = Release|Any CPU
		{0C2E2035-ADD6-40C1-B2DC-056C0DA47AFE}.Debug|Any CPU.ActiveCfg = Debug|Any CPU
		{0C2E2035-ADD6-40C1-B2DC-056C0DA47AFE}.Debug|Any CPU.Build.0 = Debug|Any CPU
		{0C2E2035-ADD6-40C1-B2DC-056C0DA47AFE}.Release|Any CPU.ActiveCfg = Release|Any CPU
		{0C2E2035-ADD6-40C1-B2DC-056C0DA47AFE}.Release|Any CPU.Build.0 = Release|Any CPU
		{D98D466F-9F06-46D4-A17E-47B517782BC3}.Debug|Any CPU.ActiveCfg = Debug|Any CPU
		{D98D466F-9F06-46D4-A17E-47B517782BC3}.Debug|Any CPU.Build.0 = Debug|Any CPU
		{D98D466F-9F06-46D4-A17E-47B517782BC3}.Release|Any CPU.ActiveCfg = Release|Any CPU
		{D98D466F-9F06-46D4-A17E-47B517782BC3}.Release|Any CPU.Build.0 = Release|Any CPU
		{8163DD81-1519-4FFE-AAF7-6DAB41D83CE0}.Debug|Any CPU.ActiveCfg = Debug|Any CPU
		{8163DD81-1519-4FFE-AAF7-6DAB41D83CE0}.Debug|Any CPU.Build.0 = Debug|Any CPU
		{8163DD81-1519-4FFE-AAF7-6DAB41D83CE0}.Release|Any CPU.ActiveCfg = Release|Any CPU
		{8163DD81-1519-4FFE-AAF7-6DAB41D83CE0}.Release|Any CPU.Build.0 = Release|Any CPU
		{4E6BBF50-42E5-41C8-A76B-92A71047521F}.Debug|Any CPU.ActiveCfg = Debug|Any CPU
		{4E6BBF50-42E5-41C8-A76B-92A71047521F}.Debug|Any CPU.Build.0 = Debug|Any CPU
		{4E6BBF50-42E5-41C8-A76B-92A71047521F}.Release|Any CPU.ActiveCfg = Release|Any CPU
		{4E6BBF50-42E5-41C8-A76B-92A71047521F}.Release|Any CPU.Build.0 = Release|Any CPU
	EndGlobalSection
	GlobalSection(SolutionProperties) = preSolution
		HideSolutionNode = FALSE
	EndGlobalSection
EndGlobal
