
Microsoft Visual Studio Solution File, Format Version 12.00
# Visual Studio 15
VisualStudioVersion = 15.0.26430.14
MinimumVisualStudioVersion = 10.0.40219.1
Project("{FAE04EC0-301F-11D3-BF4B-00C04F79EFBC}") = "StacksAndQueues-Lab", "StacksAndQueues-Lab\StacksAndQueues-Lab.csproj", "{A2FD6A7E-CE2F-4E3D-91C6-5E828E6DE4E7}"
EndProject
Project("{FAE04EC0-301F-11D3-BF4B-00C04F79EFBC}") = "1.ReverseStrings", "1.ReverseStrings\1.ReverseStrings.csproj", "{1C150437-C824-463A-93B9-61B42CD29E9E}"
EndProject
Project("{FAE04EC0-301F-11D3-BF4B-00C04F79EFBC}") = "2.SimpleCalculator", "2.SimpleCalculator\2.SimpleCalculator.csproj", "{16E8A7BB-587C-4A10-B5B4-442E64FD4548}"
EndProject
Project("{FAE04EC0-301F-11D3-BF4B-00C04F79EFBC}") = "3.DecimalToBinaryConverter", "3.DecimalToBinaryConverter\3.DecimalToBinaryConverter.csproj", "{E6F9595F-407C-4E1C-8741-7C55ACBBB2F7}"
EndProject
Project("{FAE04EC0-301F-11D3-BF4B-00C04F79EFBC}") = "4.MatchingBrackets", "4.MatchingBrackets\4.MatchingBrackets.csproj", "{694F477D-2D78-4CF4-A266-297F2E087D7B}"
EndProject
Project("{FAE04EC0-301F-11D3-BF4B-00C04F79EFBC}") = "5.HotPotato", "5.HotPotato\5.HotPotato.csproj", "{0CFEEC8B-2526-4CDB-B1EE-74FF79E26D77}"
EndProject
Project("{FAE04EC0-301F-11D3-BF4B-00C04F79EFBC}") = "6.MathPotato", "6.MathPotato\6.MathPotato.csproj", "{69108FBB-37E1-4CA6-B702-2EDA8FF94AEF}"
EndProject
Global
	GlobalSection(SolutionConfigurationPlatforms) = preSolution
		Debug|Any CPU = Debug|Any CPU
		Release|Any CPU = Release|Any CPU
	EndGlobalSection
	GlobalSection(ProjectConfigurationPlatforms) = postSolution
		{A2FD6A7E-CE2F-4E3D-91C6-5E828E6DE4E7}.Debug|Any CPU.ActiveCfg = Debug|Any CPU
		{A2FD6A7E-CE2F-4E3D-91C6-5E828E6DE4E7}.Debug|Any CPU.Build.0 = Debug|Any CPU
		{A2FD6A7E-CE2F-4E3D-91C6-5E828E6DE4E7}.Release|Any CPU.ActiveCfg = Release|Any CPU
		{A2FD6A7E-CE2F-4E3D-91C6-5E828E6DE4E7}.Release|Any CPU.Build.0 = Release|Any CPU
		{1C150437-C824-463A-93B9-61B42CD29E9E}.Debug|Any CPU.ActiveCfg = Debug|Any CPU
		{1C150437-C824-463A-93B9-61B42CD29E9E}.Debug|Any CPU.Build.0 = Debug|Any CPU
		{1C150437-C824-463A-93B9-61B42CD29E9E}.Release|Any CPU.ActiveCfg = Release|Any CPU
		{1C150437-C824-463A-93B9-61B42CD29E9E}.Release|Any CPU.Build.0 = Release|Any CPU
		{16E8A7BB-587C-4A10-B5B4-442E64FD4548}.Debug|Any CPU.ActiveCfg = Debug|Any CPU
		{16E8A7BB-587C-4A10-B5B4-442E64FD4548}.Debug|Any CPU.Build.0 = Debug|Any CPU
		{16E8A7BB-587C-4A10-B5B4-442E64FD4548}.Release|Any CPU.ActiveCfg = Release|Any CPU
		{16E8A7BB-587C-4A10-B5B4-442E64FD4548}.Release|Any CPU.Build.0 = Release|Any CPU
		{E6F9595F-407C-4E1C-8741-7C55ACBBB2F7}.Debug|Any CPU.ActiveCfg = Debug|Any CPU
		{E6F9595F-407C-4E1C-8741-7C55ACBBB2F7}.Debug|Any CPU.Build.0 = Debug|Any CPU
		{E6F9595F-407C-4E1C-8741-7C55ACBBB2F7}.Release|Any CPU.ActiveCfg = Release|Any CPU
		{E6F9595F-407C-4E1C-8741-7C55ACBBB2F7}.Release|Any CPU.Build.0 = Release|Any CPU
		{694F477D-2D78-4CF4-A266-297F2E087D7B}.Debug|Any CPU.ActiveCfg = Debug|Any CPU
		{694F477D-2D78-4CF4-A266-297F2E087D7B}.Debug|Any CPU.Build.0 = Debug|Any CPU
		{694F477D-2D78-4CF4-A266-297F2E087D7B}.Release|Any CPU.ActiveCfg = Release|Any CPU
		{694F477D-2D78-4CF4-A266-297F2E087D7B}.Release|Any CPU.Build.0 = Release|Any CPU
		{0CFEEC8B-2526-4CDB-B1EE-74FF79E26D77}.Debug|Any CPU.ActiveCfg = Debug|Any CPU
		{0CFEEC8B-2526-4CDB-B1EE-74FF79E26D77}.Debug|Any CPU.Build.0 = Debug|Any CPU
		{0CFEEC8B-2526-4CDB-B1EE-74FF79E26D77}.Release|Any CPU.ActiveCfg = Release|Any CPU
		{0CFEEC8B-2526-4CDB-B1EE-74FF79E26D77}.Release|Any CPU.Build.0 = Release|Any CPU
		{69108FBB-37E1-4CA6-B702-2EDA8FF94AEF}.Debug|Any CPU.ActiveCfg = Debug|Any CPU
		{69108FBB-37E1-4CA6-B702-2EDA8FF94AEF}.Debug|Any CPU.Build.0 = Debug|Any CPU
		{69108FBB-37E1-4CA6-B702-2EDA8FF94AEF}.Release|Any CPU.ActiveCfg = Release|Any CPU
		{69108FBB-37E1-4CA6-B702-2EDA8FF94AEF}.Release|Any CPU.Build.0 = Release|Any CPU
	EndGlobalSection
	GlobalSection(SolutionProperties) = preSolution
		HideSolutionNode = FALSE
	EndGlobalSection
EndGlobal
