
Microsoft Visual Studio Solution File, Format Version 12.00
# Visual Studio 15
VisualStudioVersion = 15.0.27130.2024
MinimumVisualStudioVersion = 10.0.40219.1
Project("{9A19103F-16F7-4668-BE54-9A1E7A4F7556}") = "1.Person", "1.Person\1.Person.csproj", "{8DFF44FC-46F1-4BFB-A677-8DF1467A210E}"
EndProject
Project("{9A19103F-16F7-4668-BE54-9A1E7A4F7556}") = "2.BookShop", "2.BookShop\2.BookShop.csproj", "{C08FC016-8F9B-496D-A84F-4F6BFE108B3B}"
EndProject
Project("{9A19103F-16F7-4668-BE54-9A1E7A4F7556}") = "3.Mankind", "3.Mankind\3.Mankind.csproj", "{796218BC-1B87-4331-A3DB-435C20C11DD0}"
EndProject
Project("{9A19103F-16F7-4668-BE54-9A1E7A4F7556}") = "4.OnlineRadioDatabase", "4.OnlineRadioDatabase\4.OnlineRadioDatabase.csproj", "{18019175-DC3D-42D5-9BB0-A1972E394DCC}"
EndProject
Project("{FAE04EC0-301F-11D3-BF4B-00C04F79EFBC}") = "6.Animals", "6.Animals\6.Animals.csproj", "{D91D4EDA-7BE6-4774-98B1-D97073AC6C11}"
EndProject
Global
	GlobalSection(SolutionConfigurationPlatforms) = preSolution
		Debug|Any CPU = Debug|Any CPU
		Release|Any CPU = Release|Any CPU
	EndGlobalSection
	GlobalSection(ProjectConfigurationPlatforms) = postSolution
		{8DFF44FC-46F1-4BFB-A677-8DF1467A210E}.Debug|Any CPU.ActiveCfg = Debug|Any CPU
		{8DFF44FC-46F1-4BFB-A677-8DF1467A210E}.Debug|Any CPU.Build.0 = Debug|Any CPU
		{8DFF44FC-46F1-4BFB-A677-8DF1467A210E}.Release|Any CPU.ActiveCfg = Release|Any CPU
		{8DFF44FC-46F1-4BFB-A677-8DF1467A210E}.Release|Any CPU.Build.0 = Release|Any CPU
		{C08FC016-8F9B-496D-A84F-4F6BFE108B3B}.Debug|Any CPU.ActiveCfg = Debug|Any CPU
		{C08FC016-8F9B-496D-A84F-4F6BFE108B3B}.Debug|Any CPU.Build.0 = Debug|Any CPU
		{C08FC016-8F9B-496D-A84F-4F6BFE108B3B}.Release|Any CPU.ActiveCfg = Release|Any CPU
		{C08FC016-8F9B-496D-A84F-4F6BFE108B3B}.Release|Any CPU.Build.0 = Release|Any CPU
		{796218BC-1B87-4331-A3DB-435C20C11DD0}.Debug|Any CPU.ActiveCfg = Debug|Any CPU
		{796218BC-1B87-4331-A3DB-435C20C11DD0}.Debug|Any CPU.Build.0 = Debug|Any CPU
		{796218BC-1B87-4331-A3DB-435C20C11DD0}.Release|Any CPU.ActiveCfg = Release|Any CPU
		{796218BC-1B87-4331-A3DB-435C20C11DD0}.Release|Any CPU.Build.0 = Release|Any CPU
		{18019175-DC3D-42D5-9BB0-A1972E394DCC}.Debug|Any CPU.ActiveCfg = Debug|Any CPU
		{18019175-DC3D-42D5-9BB0-A1972E394DCC}.Debug|Any CPU.Build.0 = Debug|Any CPU
		{18019175-DC3D-42D5-9BB0-A1972E394DCC}.Release|Any CPU.ActiveCfg = Release|Any CPU
		{18019175-DC3D-42D5-9BB0-A1972E394DCC}.Release|Any CPU.Build.0 = Release|Any CPU
		{D91D4EDA-7BE6-4774-98B1-D97073AC6C11}.Debug|Any CPU.ActiveCfg = Debug|Any CPU
		{D91D4EDA-7BE6-4774-98B1-D97073AC6C11}.Debug|Any CPU.Build.0 = Debug|Any CPU
		{D91D4EDA-7BE6-4774-98B1-D97073AC6C11}.Release|Any CPU.ActiveCfg = Release|Any CPU
		{D91D4EDA-7BE6-4774-98B1-D97073AC6C11}.Release|Any CPU.Build.0 = Release|Any CPU
	EndGlobalSection
	GlobalSection(SolutionProperties) = preSolution
		HideSolutionNode = FALSE
	EndGlobalSection
	GlobalSection(ExtensibilityGlobals) = postSolution
		SolutionGuid = {42F43109-B485-4E27-8500-A2676DE27845}
	EndGlobalSection
EndGlobal
