
Microsoft Visual Studio Solution File, Format Version 12.00
# Visual Studio 15
VisualStudioVersion = 15.0.27130.2024
MinimumVisualStudioVersion = 10.0.40219.1
Project("{9A19103F-16F7-4668-BE54-9A1E7A4F7556}") = "1.SingleInheritance", "1.SingleInheritance\1.SingleInheritance.csproj", "{2C7896BD-37D1-4B11-89E2-E2E48683FB16}"
EndProject
Project("{9A19103F-16F7-4668-BE54-9A1E7A4F7556}") = "2.MultipleInheritance", "2.MultipleInheritance\2.MultipleInheritance.csproj", "{C0046AA7-7504-47DC-9CDE-AE38625734DC}"
EndProject
Project("{9A19103F-16F7-4668-BE54-9A1E7A4F7556}") = "3.HierarchicalInheritance", "3.HierarchicalInheritance\3.HierarchicalInheritance.csproj", "{F6967677-0A51-4A22-84DA-038D69BF1BE5}"
EndProject
Project("{FAE04EC0-301F-11D3-BF4B-00C04F79EFBC}") = "4.RandomList", "4.RandomList\4.RandomList.csproj", "{41620922-47A1-460B-ACFF-00539AF355D5}"
EndProject
Project("{FAE04EC0-301F-11D3-BF4B-00C04F79EFBC}") = "5.StackOfStrings", "5.StackOfStrings\5.StackOfStrings.csproj", "{036D0733-3062-412A-8411-3F9304018F6F}"
EndProject
Global
	GlobalSection(SolutionConfigurationPlatforms) = preSolution
		Debug|Any CPU = Debug|Any CPU
		Release|Any CPU = Release|Any CPU
	EndGlobalSection
	GlobalSection(ProjectConfigurationPlatforms) = postSolution
		{2C7896BD-37D1-4B11-89E2-E2E48683FB16}.Debug|Any CPU.ActiveCfg = Debug|Any CPU
		{2C7896BD-37D1-4B11-89E2-E2E48683FB16}.Debug|Any CPU.Build.0 = Debug|Any CPU
		{2C7896BD-37D1-4B11-89E2-E2E48683FB16}.Release|Any CPU.ActiveCfg = Release|Any CPU
		{2C7896BD-37D1-4B11-89E2-E2E48683FB16}.Release|Any CPU.Build.0 = Release|Any CPU
		{C0046AA7-7504-47DC-9CDE-AE38625734DC}.Debug|Any CPU.ActiveCfg = Debug|Any CPU
		{C0046AA7-7504-47DC-9CDE-AE38625734DC}.Debug|Any CPU.Build.0 = Debug|Any CPU
		{C0046AA7-7504-47DC-9CDE-AE38625734DC}.Release|Any CPU.ActiveCfg = Release|Any CPU
		{C0046AA7-7504-47DC-9CDE-AE38625734DC}.Release|Any CPU.Build.0 = Release|Any CPU
		{F6967677-0A51-4A22-84DA-038D69BF1BE5}.Debug|Any CPU.ActiveCfg = Debug|Any CPU
		{F6967677-0A51-4A22-84DA-038D69BF1BE5}.Debug|Any CPU.Build.0 = Debug|Any CPU
		{F6967677-0A51-4A22-84DA-038D69BF1BE5}.Release|Any CPU.ActiveCfg = Release|Any CPU
		{F6967677-0A51-4A22-84DA-038D69BF1BE5}.Release|Any CPU.Build.0 = Release|Any CPU
		{41620922-47A1-460B-ACFF-00539AF355D5}.Debug|Any CPU.ActiveCfg = Debug|Any CPU
		{41620922-47A1-460B-ACFF-00539AF355D5}.Debug|Any CPU.Build.0 = Debug|Any CPU
		{41620922-47A1-460B-ACFF-00539AF355D5}.Release|Any CPU.ActiveCfg = Release|Any CPU
		{41620922-47A1-460B-ACFF-00539AF355D5}.Release|Any CPU.Build.0 = Release|Any CPU
		{036D0733-3062-412A-8411-3F9304018F6F}.Debug|Any CPU.ActiveCfg = Debug|Any CPU
		{036D0733-3062-412A-8411-3F9304018F6F}.Debug|Any CPU.Build.0 = Debug|Any CPU
		{036D0733-3062-412A-8411-3F9304018F6F}.Release|Any CPU.ActiveCfg = Release|Any CPU
		{036D0733-3062-412A-8411-3F9304018F6F}.Release|Any CPU.Build.0 = Release|Any CPU
	EndGlobalSection
	GlobalSection(SolutionProperties) = preSolution
		HideSolutionNode = FALSE
	EndGlobalSection
	GlobalSection(ExtensibilityGlobals) = postSolution
		SolutionGuid = {E0A710FA-827A-49FD-B044-A0C836370E0C}
	EndGlobalSection
EndGlobal
