
Microsoft Visual Studio Solution File, Format Version 12.00
# Visual Studio 15
VisualStudioVersion = 15.0.27130.2024
MinimumVisualStudioVersion = 10.0.40219.1
Project("{9A19103F-16F7-4668-BE54-9A1E7A4F7556}") = "P02_BlackBoxInteger", "P02_BlackBoxInteger.csproj", "{49A42EF7-E570-4BAE-A03D-33F502AEFA9A}"
EndProject
Global
	GlobalSection(SolutionConfigurationPlatforms) = preSolution
		Debug|Any CPU = Debug|Any CPU
		Release|Any CPU = Release|Any CPU
	EndGlobalSection
	GlobalSection(ProjectConfigurationPlatforms) = postSolution
		{49A42EF7-E570-4BAE-A03D-33F502AEFA9A}.Debug|Any CPU.ActiveCfg = Debug|Any CPU
		{49A42EF7-E570-4BAE-A03D-33F502AEFA9A}.Debug|Any CPU.Build.0 = Debug|Any CPU
		{49A42EF7-E570-4BAE-A03D-33F502AEFA9A}.Release|Any CPU.ActiveCfg = Release|Any CPU
		{49A42EF7-E570-4BAE-A03D-33F502AEFA9A}.Release|Any CPU.Build.0 = Release|Any CPU
	EndGlobalSection
	GlobalSection(SolutionProperties) = preSolution
		HideSolutionNode = FALSE
	EndGlobalSection
	GlobalSection(ExtensibilityGlobals) = postSolution
		SolutionGuid = {E89BCAF1-63B6-4F1B-9AC3-BD08153AC7D9}
	EndGlobalSection
EndGlobal
